
Microsoft Visual Studio Solution File, Format Version 12.00
# Visual Studio Version 16
VisualStudioVersion = 16.0.32228.343
MinimumVisualStudioVersion = 10.0.40219.1
Project("{FAE04EC0-301F-11D3-BF4B-00C04F79EFBC}") = "Practica2", "Practica2\Practica2.csproj", "{F790B57F-557B-4C4B-8417-7F83950060ED}"
EndProject
Global
	GlobalSection(SolutionConfigurationPlatforms) = preSolution
		Debug|Any CPU = Debug|Any CPU
		Release|Any CPU = Release|Any CPU
	EndGlobalSection
	GlobalSection(ProjectConfigurationPlatforms) = postSolution
		{F790B57F-557B-4C4B-8417-7F83950060ED}.Debug|Any CPU.ActiveCfg = Debug|Any CPU
		{F790B57F-557B-4C4B-8417-7F83950060ED}.Debug|Any CPU.Build.0 = Debug|Any CPU
		{F790B57F-557B-4C4B-8417-7F83950060ED}.Release|Any CPU.ActiveCfg = Release|Any CPU
		{F790B57F-557B-4C4B-8417-7F83950060ED}.Release|Any CPU.Build.0 = Release|Any CPU
	EndGlobalSection
	GlobalSection(SolutionProperties) = preSolution
		HideSolutionNode = FALSE
	EndGlobalSection
	GlobalSection(ExtensibilityGlobals) = postSolution
		SolutionGuid = {847FC644-0D2A-4516-92A8-E3E594799CD8}
	EndGlobalSection
EndGlobal
