
Microsoft Visual Studio Solution File, Format Version 12.00
# Visual Studio Version 17
VisualStudioVersion = 17.4.33122.133
MinimumVisualStudioVersion = 10.0.40219.1
Project("{FAE04EC0-301F-11D3-BF4B-00C04F79EFBC}") = "practica1", "practica1\practica1.csproj", "{210D7D76-4447-43C4-A9CD-F0DE7AE694BF}"
EndProject
Global
	GlobalSection(SolutionConfigurationPlatforms) = preSolution
		Debug|Any CPU = Debug|Any CPU
		Release|Any CPU = Release|Any CPU
	EndGlobalSection
	GlobalSection(ProjectConfigurationPlatforms) = postSolution
		{210D7D76-4447-43C4-A9CD-F0DE7AE694BF}.Debug|Any CPU.ActiveCfg = Debug|Any CPU
		{210D7D76-4447-43C4-A9CD-F0DE7AE694BF}.Debug|Any CPU.Build.0 = Debug|Any CPU
		{210D7D76-4447-43C4-A9CD-F0DE7AE694BF}.Release|Any CPU.ActiveCfg = Release|Any CPU
		{210D7D76-4447-43C4-A9CD-F0DE7AE694BF}.Release|Any CPU.Build.0 = Release|Any CPU
	EndGlobalSection
	GlobalSection(SolutionProperties) = preSolution
		HideSolutionNode = FALSE
	EndGlobalSection
	GlobalSection(ExtensibilityGlobals) = postSolution
		SolutionGuid = {E9C2FEED-5F03-47DA-8706-23CE8DC15224}
	EndGlobalSection
EndGlobal
