
Microsoft Visual Studio Solution File, Format Version 12.00
# Visual Studio Version 17
VisualStudioVersion = 17.4.33122.133
MinimumVisualStudioVersion = 10.0.40219.1
Project("{FAE04EC0-301F-11D3-BF4B-00C04F79EFBC}") = "Ejemplo1", "Ejemplo1\Ejemplo1.csproj", "{BB8E88ED-93D4-49FA-B527-2F2219F00776}"
EndProject
Global
	GlobalSection(SolutionConfigurationPlatforms) = preSolution
		Debug|Any CPU = Debug|Any CPU
		Release|Any CPU = Release|Any CPU
	EndGlobalSection
	GlobalSection(ProjectConfigurationPlatforms) = postSolution
		{BB8E88ED-93D4-49FA-B527-2F2219F00776}.Debug|Any CPU.ActiveCfg = Debug|Any CPU
		{BB8E88ED-93D4-49FA-B527-2F2219F00776}.Debug|Any CPU.Build.0 = Debug|Any CPU
		{BB8E88ED-93D4-49FA-B527-2F2219F00776}.Release|Any CPU.ActiveCfg = Release|Any CPU
		{BB8E88ED-93D4-49FA-B527-2F2219F00776}.Release|Any CPU.Build.0 = Release|Any CPU
	EndGlobalSection
	GlobalSection(SolutionProperties) = preSolution
		HideSolutionNode = FALSE
	EndGlobalSection
	GlobalSection(ExtensibilityGlobals) = postSolution
		SolutionGuid = {4A51F047-3FEE-44BF-B8BE-1CEE8C457E1F}
	EndGlobalSection
EndGlobal
